<Solution>
  <Folder Name="/Solution Items/">
    <File Path=".editorconfig" />
    <File Path="CLA.md" />
    <File Path="global.json" />
    <File Path="LICENCE.md" />
    <File Path="scripts/generate-libraries.cs" />
  </Folder>
  <Project Path="../../Github-Clones/copilot-sdk/dotnet/src/GitHub.Copilot.SDK.csproj" />
  <Project Path="src/Cockpit/Cockpit.csproj">
    <Deploy />
  </Project>
  <Project Path="Tests/Cockpit.UnitTests/Cockpit.UnitTests.csproj" />
</Solution>
